<?xml version="1.0" encoding="utf-8"?>
<Project ToolsVersion="17.0" xmlns="http://schemas.microsoft.com/developer/msbuild/2003">
  <ItemGroup>
    <CustomBuild Include="C:\Users\fhort\Desktop\Test\Glass Tracer\build_release_x86\CMakeFiles\2bd9c458c51995611d03057ee9559a8a\INSTALL_force.rule">
      <Filter>CMake Rules</Filter>
    </CustomBuild>
  </ItemGroup>
  <ItemGroup>
    <Filter Include="CMake Rules">
      <UniqueIdentifier>{F7230F12-A4F9-3CC7-9198-C4CF11CEDB3F}</UniqueIdentifier>
    </Filter>
  </ItemGroup>
</Project>
